Microsoft Visual Studio Solution File, Format Version 12.00
# Visual Studio 2012
Project("{FAE04EC0-301F-11D3-BF4B-00C04F79EFBC}") = "MayTheDreamLast", "MayTheDreamLast.csproj", "{9852949B-B2A2-4137-9A9F-26069F3F0489}"
EndProject
Global
	GlobalSection(SolutionConfigurationPlatforms) = preSolution
	Debug|Any CPU = Debug|Any CPU
	ExportDebug|Any CPU = ExportDebug|Any CPU
	ExportRelease|Any CPU = ExportRelease|Any CPU
	EndGlobalSection
	GlobalSection(ProjectConfigurationPlatforms) = postSolution
		{9852949B-B2A2-4137-9A9F-26069F3F0489}.Debug|Any CPU.ActiveCfg = Debug|Any CPU
		{9852949B-B2A2-4137-9A9F-26069F3F0489}.Debug|Any CPU.Build.0 = Debug|Any CPU
		{9852949B-B2A2-4137-9A9F-26069F3F0489}.ExportDebug|Any CPU.ActiveCfg = ExportDebug|Any CPU
		{9852949B-B2A2-4137-9A9F-26069F3F0489}.ExportDebug|Any CPU.Build.0 = ExportDebug|Any CPU
		{9852949B-B2A2-4137-9A9F-26069F3F0489}.ExportRelease|Any CPU.ActiveCfg = ExportRelease|Any CPU
		{9852949B-B2A2-4137-9A9F-26069F3F0489}.ExportRelease|Any CPU.Build.0 = ExportRelease|Any CPU
	EndGlobalSection
EndGlobal
